
Microsoft Visual Studio Solution File, Format Version 12.00
# Visual Studio 15
VisualStudioVersion = 15.0.28307.271
MinimumVisualStudioVersion = 10.0.40219.1
Project("{9A19103F-16F7-4668-BE54-9A1E7A4F7556}") = "LibraryService", "LibraryService\LibraryService.csproj", "{039A7EB4-35C0-4F6F-96E1-76D7EFC28E9F}"
EndProject
Project("{9A19103F-16F7-4668-BE54-9A1E7A4F7556}") = "CustomerDomain", "CustomerDomain\CustomerDomain.csproj", "{7F697703-9E09-4216-9960-4197A879B7B7}"
EndProject
Project("{9A19103F-16F7-4668-BE54-9A1E7A4F7556}") = "BooksDomain", "BooksDomain\BooksDomain.csproj", "{A887C8B9-DF48-4AF9-85FC-A0D2223DD865}"
EndProject
Project("{9A19103F-16F7-4668-BE54-9A1E7A4F7556}") = "StaffDomain", "StaffDomain\StaffDomain.csproj", "{E011C52D-ED9B-4090-8A44-B3EEFEE99C4D}"
EndProject
Project("{2150E333-8FDC-42A3-9474-1A3956D46DE8}") = "Test", "Test", "{0FDEB9F8-1AD4-4BE1-BA0E-ECF5F6A3A400}"
EndProject
Project("{9A19103F-16F7-4668-BE54-9A1E7A4F7556}") = "AggregateModel", "AggregateModel\AggregateModel.csproj", "{F084935D-B195-43EE-8FD0-0F72EF76B5F5}"
EndProject
Project("{FAE04EC0-301F-11D3-BF4B-00C04F79EFBC}") = "BookDomainTest", "BookDomainTest\BookDomainTest.csproj", "{5FBD669F-6BAC-4F8D-898D-27375DA082D9}"
EndProject
Project("{FAE04EC0-301F-11D3-BF4B-00C04F79EFBC}") = "CustomerDomainTest", "CustomerDomainTest\CustomerDomainTest.csproj", "{EFCDAC7B-54BF-4D82-99B7-380BE24FD928}"
EndProject
Project("{FAE04EC0-301F-11D3-BF4B-00C04F79EFBC}") = "AggregrateModelTest", "AggregrateModelTest\AggregrateModelTest.csproj", "{5847B427-DBF8-4CF0-AE50-312D30E5D2DC}"
EndProject
Global
	GlobalSection(SolutionConfigurationPlatforms) = preSolution
		Debug|Any CPU = Debug|Any CPU
		Release|Any CPU = Release|Any CPU
	EndGlobalSection
	GlobalSection(ProjectConfigurationPlatforms) = postSolution
		{039A7EB4-35C0-4F6F-96E1-76D7EFC28E9F}.Debug|Any CPU.ActiveCfg = Debug|Any CPU
		{039A7EB4-35C0-4F6F-96E1-76D7EFC28E9F}.Debug|Any CPU.Build.0 = Debug|Any CPU
		{039A7EB4-35C0-4F6F-96E1-76D7EFC28E9F}.Release|Any CPU.ActiveCfg = Release|Any CPU
		{039A7EB4-35C0-4F6F-96E1-76D7EFC28E9F}.Release|Any CPU.Build.0 = Release|Any CPU
		{7F697703-9E09-4216-9960-4197A879B7B7}.Debug|Any CPU.ActiveCfg = Debug|Any CPU
		{7F697703-9E09-4216-9960-4197A879B7B7}.Debug|Any CPU.Build.0 = Debug|Any CPU
		{7F697703-9E09-4216-9960-4197A879B7B7}.Release|Any CPU.ActiveCfg = Release|Any CPU
		{7F697703-9E09-4216-9960-4197A879B7B7}.Release|Any CPU.Build.0 = Release|Any CPU
		{A887C8B9-DF48-4AF9-85FC-A0D2223DD865}.Debug|Any CPU.ActiveCfg = Debug|Any CPU
		{A887C8B9-DF48-4AF9-85FC-A0D2223DD865}.Debug|Any CPU.Build.0 = Debug|Any CPU
		{A887C8B9-DF48-4AF9-85FC-A0D2223DD865}.Release|Any CPU.ActiveCfg = Release|Any CPU
		{A887C8B9-DF48-4AF9-85FC-A0D2223DD865}.Release|Any CPU.Build.0 = Release|Any CPU
		{E011C52D-ED9B-4090-8A44-B3EEFEE99C4D}.Debug|Any CPU.ActiveCfg = Debug|Any CPU
		{E011C52D-ED9B-4090-8A44-B3EEFEE99C4D}.Debug|Any CPU.Build.0 = Debug|Any CPU
		{E011C52D-ED9B-4090-8A44-B3EEFEE99C4D}.Release|Any CPU.ActiveCfg = Release|Any CPU
		{E011C52D-ED9B-4090-8A44-B3EEFEE99C4D}.Release|Any CPU.Build.0 = Release|Any CPU
		{F084935D-B195-43EE-8FD0-0F72EF76B5F5}.Debug|Any CPU.ActiveCfg = Debug|Any CPU
		{F084935D-B195-43EE-8FD0-0F72EF76B5F5}.Debug|Any CPU.Build.0 = Debug|Any CPU
		{F084935D-B195-43EE-8FD0-0F72EF76B5F5}.Release|Any CPU.ActiveCfg = Release|Any CPU
		{F084935D-B195-43EE-8FD0-0F72EF76B5F5}.Release|Any CPU.Build.0 = Release|Any CPU
		{5FBD669F-6BAC-4F8D-898D-27375DA082D9}.Debug|Any CPU.ActiveCfg = Debug|Any CPU
		{5FBD669F-6BAC-4F8D-898D-27375DA082D9}.Debug|Any CPU.Build.0 = Debug|Any CPU
		{5FBD669F-6BAC-4F8D-898D-27375DA082D9}.Release|Any CPU.ActiveCfg = Release|Any CPU
		{5FBD669F-6BAC-4F8D-898D-27375DA082D9}.Release|Any CPU.Build.0 = Release|Any CPU
		{EFCDAC7B-54BF-4D82-99B7-380BE24FD928}.Debug|Any CPU.ActiveCfg = Debug|Any CPU
		{EFCDAC7B-54BF-4D82-99B7-380BE24FD928}.Debug|Any CPU.Build.0 = Debug|Any CPU
		{EFCDAC7B-54BF-4D82-99B7-380BE24FD928}.Release|Any CPU.ActiveCfg = Release|Any CPU
		{EFCDAC7B-54BF-4D82-99B7-380BE24FD928}.Release|Any CPU.Build.0 = Release|Any CPU
		{5847B427-DBF8-4CF0-AE50-312D30E5D2DC}.Debug|Any CPU.ActiveCfg = Debug|Any CPU
		{5847B427-DBF8-4CF0-AE50-312D30E5D2DC}.Debug|Any CPU.Build.0 = Debug|Any CPU
		{5847B427-DBF8-4CF0-AE50-312D30E5D2DC}.Release|Any CPU.ActiveCfg = Release|Any CPU
		{5847B427-DBF8-4CF0-AE50-312D30E5D2DC}.Release|Any CPU.Build.0 = Release|Any CPU
	EndGlobalSection
	GlobalSection(SolutionProperties) = preSolution
		HideSolutionNode = FALSE
	EndGlobalSection
	GlobalSection(NestedProjects) = preSolution
		{5FBD669F-6BAC-4F8D-898D-27375DA082D9} = {0FDEB9F8-1AD4-4BE1-BA0E-ECF5F6A3A400}
		{EFCDAC7B-54BF-4D82-99B7-380BE24FD928} = {0FDEB9F8-1AD4-4BE1-BA0E-ECF5F6A3A400}
		{5847B427-DBF8-4CF0-AE50-312D30E5D2DC} = {0FDEB9F8-1AD4-4BE1-BA0E-ECF5F6A3A400}
	EndGlobalSection
	GlobalSection(ExtensibilityGlobals) = postSolution
		SolutionGuid = {5EFBF3D2-9812-4938-A7A8-536A53F11D5B}
	EndGlobalSection
EndGlobal
